// !$*UTF8*$!
{
	archiveVersion = 1;
	classes = {
	};
	objectVersion = 46;
	objects = {

/* Begin PBXBuildFile section */
		881FEFFF1D60D0F3003AC1AC /* StylisedNavigationController.swift in Sources */ = {isa = PBXBuildFile; fileRef = 881FEFFE1D60D0F3003AC1AC /* StylisedNavigationController.swift */; };
		881FF0011D60D6B3003AC1AC /* AllSchedulesTableTableViewController.swift in Sources */ = {isa = PBXBuildFile; fileRef = 881FF0001D60D6B3003AC1AC /* AllSchedulesTableTableViewController.swift */; };
		881FF0161D60F627003AC1AC /* BellScheduleDataKit.framework in Frameworks */ = {isa = PBXBuildFile; fileRef = 881FF00D1D60F627003AC1AC /* BellScheduleDataKit.framework */; };
		881FF01D1D60F627003AC1AC /* BellScheduleDataKitTests.swift in Sources */ = {isa = PBXBuildFile; fileRef = 881FF01C1D60F627003AC1AC /* BellScheduleDataKitTests.swift */; };
		881FF01F1D60F627003AC1AC /* BellScheduleDataKit.h in Headers */ = {isa = PBXBuildFile; fileRef = 881FF00F1D60F627003AC1AC /* BellScheduleDataKit.h */; settings = {ATTRIBUTES = (Public, ); }; };
		881FF0221D60F627003AC1AC /* BellScheduleDataKit.framework in Frameworks */ = {isa = PBXBuildFile; fileRef = 881FF00D1D60F627003AC1AC /* BellScheduleDataKit.framework */; };
		881FF0231D60F627003AC1AC /* BellScheduleDataKit.framework in Embed Frameworks */ = {isa = PBXBuildFile; fileRef = 881FF00D1D60F627003AC1AC /* BellScheduleDataKit.framework */; settings = {ATTRIBUTES = (CodeSignOnCopy, RemoveHeadersOnCopy, ); }; };
		881FF02D1D60F6A8003AC1AC /* Timings.swift in Sources */ = {isa = PBXBuildFile; fileRef = 88BC43D71D5FD2BB00FFBDEF /* Timings.swift */; };
		881FF02E1D60F6A8003AC1AC /* Period.swift in Sources */ = {isa = PBXBuildFile; fileRef = 88BC43D91D5FD73A00FFBDEF /* Period.swift */; };
		881FF02F1D60F6A8003AC1AC /* Today.swift in Sources */ = {isa = PBXBuildFile; fileRef = 88BC43DB1D5FD7D300FFBDEF /* Today.swift */; };
		881FF0301D60F6A8003AC1AC /* Schedule.swift in Sources */ = {isa = PBXBuildFile; fileRef = 88BC43DD1D5FDD1800FFBDEF /* Schedule.swift */; };
		881FF0311D60F6A8003AC1AC /* CurrentPeriod.swift in Sources */ = {isa = PBXBuildFile; fileRef = 88BC43E31D5FE0E300FFBDEF /* CurrentPeriod.swift */; };
		881FF0321D60F6A8003AC1AC /* DateExtension.swift in Sources */ = {isa = PBXBuildFile; fileRef = 88BC43E51D5FE12F00FFBDEF /* DateExtension.swift */; };
		881FF0331D60F6A8003AC1AC /* CurrentTimings.swift in Sources */ = {isa = PBXBuildFile; fileRef = 88BC43E71D5FE4EA00FFBDEF /* CurrentTimings.swift */; };
		883285471E29205300CA9839 /* SettingsTableViewController.swift in Sources */ = {isa = PBXBuildFile; fileRef = 883285461E29205300CA9839 /* SettingsTableViewController.swift */; };
		8832855F1E2926A800CA9839 /* NotificationCenter.framework in Frameworks */ = {isa = PBXBuildFile; fileRef = 8832854F1E29254C00CA9839 /* NotificationCenter.framework */; };
		883285651E2926EB00CA9839 /* NotificationCenter.framework in Frameworks */ = {isa = PBXBuildFile; fileRef = 8832854F1E29254C00CA9839 /* NotificationCenter.framework */; };
		883285681E2926EB00CA9839 /* TodayViewController.swift in Sources */ = {isa = PBXBuildFile; fileRef = 883285671E2926EB00CA9839 /* TodayViewController.swift */; };
		8832856B1E2926EB00CA9839 /* MainInterface.storyboard in Resources */ = {isa = PBXBuildFile; fileRef = 883285691E2926EB00CA9839 /* MainInterface.storyboard */; };
		8832856F1E2926EB00CA9839 /* BellScheduleWidget.appex in Embed App Extensions */ = {isa = PBXBuildFile; fileRef = 883285641E2926EB00CA9839 /* BellScheduleWidget.appex */; settings = {ATTRIBUTES = (RemoveHeadersOnCopy, ); }; };
		883285731E29272500CA9839 /* BellScheduleDataKit.framework in Frameworks */ = {isa = PBXBuildFile; fileRef = 881FF00D1D60F627003AC1AC /* BellScheduleDataKit.framework */; };
		888AD14F1E2A605100D28DFD /* DisplayTime.swift in Sources */ = {isa = PBXBuildFile; fileRef = 888AD14E1E2A605100D28DFD /* DisplayTime.swift */; };
		888AD1511E2ABC9400D28DFD /* CurrentSchedule.swift in Sources */ = {isa = PBXBuildFile; fileRef = 888AD1501E2ABC9400D28DFD /* CurrentSchedule.swift */; };
		88A9CC961E27C4810088AE2A /* Settings.swift in Sources */ = {isa = PBXBuildFile; fileRef = 88A9CC951E27C4810088AE2A /* Settings.swift */; };
		88BC2A6E1D5FF3C6000AEE52 /* ScheduleTableViewController.swift in Sources */ = {isa = PBXBuildFile; fileRef = 88BC2A6D1D5FF3C6000AEE52 /* ScheduleTableViewController.swift */; };
		88BC2A701D5FF42E000AEE52 /* MainScreenController.swift in Sources */ = {isa = PBXBuildFile; fileRef = 88BC2A6F1D5FF42E000AEE52 /* MainScreenController.swift */; };
		88BC439F1D5FCF5400FFBDEF /* AppDelegate.swift in Sources */ = {isa = PBXBuildFile; fileRef = 88BC439E1D5FCF5400FFBDEF /* AppDelegate.swift */; };
		88BC43A41D5FCF5400FFBDEF /* Main.storyboard in Resources */ = {isa = PBXBuildFile; fileRef = 88BC43A21D5FCF5400FFBDEF /* Main.storyboard */; };
		88BC43A61D5FCF5400FFBDEF /* Assets.xcassets in Resources */ = {isa = PBXBuildFile; fileRef = 88BC43A51D5FCF5400FFBDEF /* Assets.xcassets */; };
		88BC43A91D5FCF5400FFBDEF /* LaunchScreen.storyboard in Resources */ = {isa = PBXBuildFile; fileRef = 88BC43A71D5FCF5400FFBDEF /* LaunchScreen.storyboard */; };
		88BC43B41D5FCF5400FFBDEF /* bellScheduleTests.swift in Sources */ = {isa = PBXBuildFile; fileRef = 88BC43B31D5FCF5400FFBDEF /* bellScheduleTests.swift */; };
		88BC43BF1D5FCF5400FFBDEF /* bellScheduleUITests.swift in Sources */ = {isa = PBXBuildFile; fileRef = 88BC43BE1D5FCF5400FFBDEF /* bellScheduleUITests.swift */; };
/* End PBXBuildFile section */

/* Begin PBXContainerItemProxy section */
		881FF0171D60F627003AC1AC /* PBXContainerItemProxy */ = {
			isa = PBXContainerItemProxy;
			containerPortal = 88BC43931D5FCF5300FFBDEF /* Project object */;
			proxyType = 1;
			remoteGlobalIDString = 881FF00C1D60F627003AC1AC;
			remoteInfo = BellScheduleDataKit;
		};
		881FF0191D60F627003AC1AC /* PBXContainerItemProxy */ = {
			isa = PBXContainerItemProxy;
			containerPortal = 88BC43931D5FCF5300FFBDEF /* Project object */;
			proxyType = 1;
			remoteGlobalIDString = 88BC439A1D5FCF5300FFBDEF;
			remoteInfo = bellSchedule;
		};
		881FF0201D60F627003AC1AC /* PBXContainerItemProxy */ = {
			isa = PBXContainerItemProxy;
			containerPortal = 88BC43931D5FCF5300FFBDEF /* Project object */;
			proxyType = 1;
			remoteGlobalIDString = 881FF00C1D60F627003AC1AC;
			remoteInfo = BellScheduleDataKit;
		};
		8832856D1E2926EB00CA9839 /* PBXContainerItemProxy */ = {
			isa = PBXContainerItemProxy;
			containerPortal = 88BC43931D5FCF5300FFBDEF /* Project object */;
			proxyType = 1;
			remoteGlobalIDString = 883285631E2926EB00CA9839;
			remoteInfo = BellScheduleWidget;
		};
		88BC43B01D5FCF5400FFBDEF /* PBXContainerItemProxy */ = {
			isa = PBXContainerItemProxy;
			containerPortal = 88BC43931D5FCF5300FFBDEF /* Project object */;
			proxyType = 1;
			remoteGlobalIDString = 88BC439A1D5FCF5300FFBDEF;
			remoteInfo = bellSchedule;
		};
		88BC43BB1D5FCF5400FFBDEF /* PBXContainerItemProxy */ = {
			isa = PBXContainerItemProxy;
			containerPortal = 88BC43931D5FCF5300FFBDEF /* Project object */;
			proxyType = 1;
			remoteGlobalIDString = 88BC439A1D5FCF5300FFBDEF;
			remoteInfo = bellSchedule;
		};
/* End PBXContainerItemProxy section */

/* Begin PBXCopyFilesBuildPhase section */
		881FF0271D60F627003AC1AC /* Embed Frameworks */ = {
			isa = PBXCopyFilesBuildPhase;
			buildActionMask = 2147483647;
			dstPath = "";
			dstSubfolderSpec = 10;
			files = (
				881FF0231D60F627003AC1AC /* BellScheduleDataKit.framework in Embed Frameworks */,
			);
			name = "Embed Frameworks";
			runOnlyForDeploymentPostprocessing = 0;
		};
		881FF0491D60F8EB003AC1AC /* Embed App Extensions */ = {
			isa = PBXCopyFilesBuildPhase;
			buildActionMask = 2147483647;
			dstPath = "";
			dstSubfolderSpec = 13;
			files = (
				8832856F1E2926EB00CA9839 /* BellScheduleWidget.appex in Embed App Extensions */,
			);
			name = "Embed App Extensions";
			runOnlyForDeploymentPostprocessing = 0;
		};
/* End PBXCopyFilesBuildPhase section */

/* Begin PBXFileReference section */
		881FEFFE1D60D0F3003AC1AC /* StylisedNavigationController.swift */ = {isa = PBXFileReference; fileEncoding = 4; lastKnownFileType = sourcecode.swift; path = StylisedNavigationController.swift; sourceTree = "<group>"; };
		881FF0001D60D6B3003AC1AC /* AllSchedulesTableTableViewController.swift */ = {isa = PBXFileReference; fileEncoding = 4; lastKnownFileType = sourcecode.swift; path = AllSchedulesTableTableViewController.swift; sourceTree = "<group>"; };
		881FF00D1D60F627003AC1AC /* BellScheduleDataKit.framework */ = {isa = PBXFileReference; explicitFileType = wrapper.framework; includeInIndex = 0; path = BellScheduleDataKit.framework; sourceTree = BUILT_PRODUCTS_DIR; };
		881FF00F1D60F627003AC1AC /* BellScheduleDataKit.h */ = {isa = PBXFileReference; lastKnownFileType = sourcecode.c.h; path = BellScheduleDataKit.h; sourceTree = "<group>"; };
		881FF0101D60F627003AC1AC /* Info.plist */ = {isa = PBXFileReference; lastKnownFileType = text.plist.xml; path = Info.plist; sourceTree = "<group>"; };
		881FF0151D60F627003AC1AC /* BellScheduleDataKitTests.xctest */ = {isa = PBXFileReference; explicitFileType = wrapper.cfbundle; includeInIndex = 0; path = BellScheduleDataKitTests.xctest; sourceTree = BUILT_PRODUCTS_DIR; };
		881FF01C1D60F627003AC1AC /* BellScheduleDataKitTests.swift */ = {isa = PBXFileReference; lastKnownFileType = sourcecode.swift; path = BellScheduleDataKitTests.swift; sourceTree = "<group>"; };
		881FF01E1D60F627003AC1AC /* Info.plist */ = {isa = PBXFileReference; lastKnownFileType = text.plist.xml; path = Info.plist; sourceTree = "<group>"; };
		883285461E29205300CA9839 /* SettingsTableViewController.swift */ = {isa = PBXFileReference; fileEncoding = 4; lastKnownFileType = sourcecode.swift; path = SettingsTableViewController.swift; sourceTree = "<group>"; };
		883285481E29252D00CA9839 /* CoreGraphics.framework */ = {isa = PBXFileReference; lastKnownFileType = wrapper.framework; name = CoreGraphics.framework; path = System/Library/Frameworks/CoreGraphics.framework; sourceTree = SDKROOT; };
		8832854F1E29254C00CA9839 /* NotificationCenter.framework */ = {isa = PBXFileReference; lastKnownFileType = wrapper.framework; name = NotificationCenter.framework; path = System/Library/Frameworks/NotificationCenter.framework; sourceTree = SDKROOT; };
		883285641E2926EB00CA9839 /* BellScheduleWidget.appex */ = {isa = PBXFileReference; explicitFileType = "wrapper.app-extension"; includeInIndex = 0; path = BellScheduleWidget.appex; sourceTree = BUILT_PRODUCTS_DIR; };
		883285671E2926EB00CA9839 /* TodayViewController.swift */ = {isa = PBXFileReference; lastKnownFileType = sourcecode.swift; path = TodayViewController.swift; sourceTree = "<group>"; };
		8832856A1E2926EB00CA9839 /* Base */ = {isa = PBXFileReference; lastKnownFileType = file.storyboard; name = Base; path = Base.lproj/MainInterface.storyboard; sourceTree = "<group>"; };
		8832856C1E2926EB00CA9839 /* Info.plist */ = {isa = PBXFileReference; lastKnownFileType = text.plist.xml; path = Info.plist; sourceTree = "<group>"; };
		888AD14E1E2A605100D28DFD /* DisplayTime.swift */ = {isa = PBXFileReference; fileEncoding = 4; lastKnownFileType = sourcecode.swift; path = DisplayTime.swift; sourceTree = "<group>"; };
		888AD1501E2ABC9400D28DFD /* CurrentSchedule.swift */ = {isa = PBXFileReference; fileEncoding = 4; lastKnownFileType = sourcecode.swift; path = CurrentSchedule.swift; sourceTree = "<group>"; };
		88A9CC951E27C4810088AE2A /* Settings.swift */ = {isa = PBXFileReference; fileEncoding = 4; lastKnownFileType = sourcecode.swift; path = Settings.swift; sourceTree = "<group>"; };
		88BC2A6D1D5FF3C6000AEE52 /* ScheduleTableViewController.swift */ = {isa = PBXFileReference; fileEncoding = 4; lastKnownFileType = sourcecode.swift; path = ScheduleTableViewController.swift; sourceTree = "<group>"; };
		88BC2A6F1D5FF42E000AEE52 /* MainScreenController.swift */ = {isa = PBXFileReference; fileEncoding = 4; lastKnownFileType = sourcecode.swift; path = MainScreenController.swift; sourceTree = "<group>"; };
		88BC439B1D5FCF5400FFBDEF /* bellSchedule.app */ = {isa = PBXFileReference; explicitFileType = wrapper.application; includeInIndex = 0; path = bellSchedule.app; sourceTree = BUILT_PRODUCTS_DIR; };
		88BC439E1D5FCF5400FFBDEF /* AppDelegate.swift */ = {isa = PBXFileReference; lastKnownFileType = sourcecode.swift; path = AppDelegate.swift; sourceTree = "<group>"; };
		88BC43A31D5FCF5400FFBDEF /* Base */ = {isa = PBXFileReference; lastKnownFileType = file.storyboard; name = Base; path = Base.lproj/Main.storyboard; sourceTree = "<group>"; };
		88BC43A51D5FCF5400FFBDEF /* Assets.xcassets */ = {isa = PBXFileReference; lastKnownFileType = folder.assetcatalog; path = Assets.xcassets; sourceTree = "<group>"; };
		88BC43A81D5FCF5400FFBDEF /* Base */ = {isa = PBXFileReference; lastKnownFileType = file.storyboard; name = Base; path = Base.lproj/LaunchScreen.storyboard; sourceTree = "<group>"; };
		88BC43AA1D5FCF5400FFBDEF /* Info.plist */ = {isa = PBXFileReference; lastKnownFileType = text.plist.xml; path = Info.plist; sourceTree = "<group>"; };
		88BC43AF1D5FCF5400FFBDEF /* bellScheduleTests.xctest */ = {isa = PBXFileReference; explicitFileType = wrapper.cfbundle; includeInIndex = 0; path = bellScheduleTests.xctest; sourceTree = BUILT_PRODUCTS_DIR; };
		88BC43B31D5FCF5400FFBDEF /* bellScheduleTests.swift */ = {isa = PBXFileReference; lastKnownFileType = sourcecode.swift; path = bellScheduleTests.swift; sourceTree = "<group>"; };
		88BC43B51D5FCF5400FFBDEF /* Info.plist */ = {isa = PBXFileReference; lastKnownFileType = text.plist.xml; path = Info.plist; sourceTree = "<group>"; };
		88BC43BA1D5FCF5400FFBDEF /* bellScheduleUITests.xctest */ = {isa = PBXFileReference; explicitFileType = wrapper.cfbundle; includeInIndex = 0; path = bellScheduleUITests.xctest; sourceTree = BUILT_PRODUCTS_DIR; };
		88BC43BE1D5FCF5400FFBDEF /* bellScheduleUITests.swift */ = {isa = PBXFileReference; lastKnownFileType = sourcecode.swift; path = bellScheduleUITests.swift; sourceTree = "<group>"; };
		88BC43C01D5FCF5400FFBDEF /* Info.plist */ = {isa = PBXFileReference; lastKnownFileType = text.plist.xml; path = Info.plist; sourceTree = "<group>"; };
		88BC43D71D5FD2BB00FFBDEF /* Timings.swift */ = {isa = PBXFileReference; fileEncoding = 4; lastKnownFileType = sourcecode.swift; name = Timings.swift; path = ../bellSchedule/Timings.swift; sourceTree = "<group>"; };
		88BC43D91D5FD73A00FFBDEF /* Period.swift */ = {isa = PBXFileReference; fileEncoding = 4; lastKnownFileType = sourcecode.swift; name = Period.swift; path = ../bellSchedule/Period.swift; sourceTree = "<group>"; };
		88BC43DB1D5FD7D300FFBDEF /* Today.swift */ = {isa = PBXFileReference; fileEncoding = 4; lastKnownFileType = sourcecode.swift; name = Today.swift; path = ../bellSchedule/Today.swift; sourceTree = "<group>"; };
		88BC43DD1D5FDD1800FFBDEF /* Schedule.swift */ = {isa = PBXFileReference; fileEncoding = 4; lastKnownFileType = sourcecode.swift; name = Schedule.swift; path = ../bellSchedule/Schedule.swift; sourceTree = "<group>"; };
		88BC43E31D5FE0E300FFBDEF /* CurrentPeriod.swift */ = {isa = PBXFileReference; fileEncoding = 4; lastKnownFileType = sourcecode.swift; name = CurrentPeriod.swift; path = ../bellSchedule/CurrentPeriod.swift; sourceTree = "<group>"; };
		88BC43E51D5FE12F00FFBDEF /* DateExtension.swift */ = {isa = PBXFileReference; fileEncoding = 4; lastKnownFileType = sourcecode.swift; name = DateExtension.swift; path = ../bellSchedule/DateExtension.swift; sourceTree = "<group>"; };
		88BC43E71D5FE4EA00FFBDEF /* CurrentTimings.swift */ = {isa = PBXFileReference; fileEncoding = 4; lastKnownFileType = sourcecode.swift; name = CurrentTimings.swift; path = ../bellSchedule/CurrentTimings.swift; sourceTree = "<group>"; };
/* End PBXFileReference section */

/* Begin PBXFrameworksBuildPhase section */
		881FF0091D60F627003AC1AC /* Frameworks */ = {
			isa = PBXFrameworksBuildPhase;
			buildActionMask = 2147483647;
			files = (
			);
			runOnlyForDeploymentPostprocessing = 0;
		};
		881FF0121D60F627003AC1AC /* Frameworks */ = {
			isa = PBXFrameworksBuildPhase;
			buildActionMask = 2147483647;
			files = (
				881FF0161D60F627003AC1AC /* BellScheduleDataKit.framework in Frameworks */,
			);
			runOnlyForDeploymentPostprocessing = 0;
		};
		883285611E2926EB00CA9839 /* Frameworks */ = {
			isa = PBXFrameworksBuildPhase;
			buildActionMask = 2147483647;
			files = (
				883285731E29272500CA9839 /* BellScheduleDataKit.framework in Frameworks */,
				883285651E2926EB00CA9839 /* NotificationCenter.framework in Frameworks */,
			);
			runOnlyForDeploymentPostprocessing = 0;
		};
		88BC43981D5FCF5300FFBDEF /* Frameworks */ = {
			isa = PBXFrameworksBuildPhase;
			buildActionMask = 2147483647;
			files = (
				8832855F1E2926A800CA9839 /* NotificationCenter.framework in Frameworks */,
				881FF0221D60F627003AC1AC /* BellScheduleDataKit.framework in Frameworks */,
			);
			runOnlyForDeploymentPostprocessing = 0;
		};
		88BC43AC1D5FCF5400FFBDEF /* Frameworks */ = {
			isa = PBXFrameworksBuildPhase;
			buildActionMask = 2147483647;
			files = (
			);
			runOnlyForDeploymentPostprocessing = 0;
		};
		88BC43B71D5FCF5400FFBDEF /* Frameworks */ = {
			isa = PBXFrameworksBuildPhase;
			buildActionMask = 2147483647;
			files = (
			);
			runOnlyForDeploymentPostprocessing = 0;
		};
/* End PBXFrameworksBuildPhase section */

/* Begin PBXGroup section */
		881FF00E1D60F627003AC1AC /* BellScheduleDataKit */ = {
			isa = PBXGroup;
			children = (
				881FF02B1D60F67B003AC1AC /* BellScheduleData */,
				881FF00F1D60F627003AC1AC /* BellScheduleDataKit.h */,
				881FF0101D60F627003AC1AC /* Info.plist */,
			);
			path = BellScheduleDataKit;
			sourceTree = "<group>";
		};
		881FF01B1D60F627003AC1AC /* BellScheduleDataKitTests */ = {
			isa = PBXGroup;
			children = (
				881FF01C1D60F627003AC1AC /* BellScheduleDataKitTests.swift */,
				881FF01E1D60F627003AC1AC /* Info.plist */,
			);
			path = BellScheduleDataKitTests;
			sourceTree = "<group>";
		};
		881FF02B1D60F67B003AC1AC /* BellScheduleData */ = {
			isa = PBXGroup;
			children = (
				88BC43D71D5FD2BB00FFBDEF /* Timings.swift */,
				88BC43D91D5FD73A00FFBDEF /* Period.swift */,
				88BC43DB1D5FD7D300FFBDEF /* Today.swift */,
				88BC43DD1D5FDD1800FFBDEF /* Schedule.swift */,
				88BC43E31D5FE0E300FFBDEF /* CurrentPeriod.swift */,
				88BC43E51D5FE12F00FFBDEF /* DateExtension.swift */,
				88BC43E71D5FE4EA00FFBDEF /* CurrentTimings.swift */,
				88A9CC951E27C4810088AE2A /* Settings.swift */,
				888AD14E1E2A605100D28DFD /* DisplayTime.swift */,
				888AD1501E2ABC9400D28DFD /* CurrentSchedule.swift */,
			);
			name = BellScheduleData;
			sourceTree = "<group>";
		};
		881FF0391D60F8EB003AC1AC /* Frameworks */ = {
			isa = PBXGroup;
			children = (
				883285481E29252D00CA9839 /* CoreGraphics.framework */,
				8832854F1E29254C00CA9839 /* NotificationCenter.framework */,
			);
			name = Frameworks;
			sourceTree = "<group>";
		};
		883285661E2926EB00CA9839 /* BellScheduleWidget */ = {
			isa = PBXGroup;
			children = (
				883285671E2926EB00CA9839 /* TodayViewController.swift */,
				883285691E2926EB00CA9839 /* MainInterface.storyboard */,
				8832856C1E2926EB00CA9839 /* Info.plist */,
			);
			path = BellScheduleWidget;
			sourceTree = "<group>";
		};
		88BC43921D5FCF5300FFBDEF = {
			isa = PBXGroup;
			children = (
				88BC439D1D5FCF5400FFBDEF /* bellSchedule */,
				88BC43B21D5FCF5400FFBDEF /* bellScheduleTests */,
				88BC43BD1D5FCF5400FFBDEF /* bellScheduleUITests */,
				881FF00E1D60F627003AC1AC /* BellScheduleDataKit */,
				881FF01B1D60F627003AC1AC /* BellScheduleDataKitTests */,
				883285661E2926EB00CA9839 /* BellScheduleWidget */,
				881FF0391D60F8EB003AC1AC /* Frameworks */,
				88BC439C1D5FCF5400FFBDEF /* Products */,
			);
			sourceTree = "<group>";
			usesTabs = 1;
		};
		88BC439C1D5FCF5400FFBDEF /* Products */ = {
			isa = PBXGroup;
			children = (
				88BC439B1D5FCF5400FFBDEF /* bellSchedule.app */,
				88BC43AF1D5FCF5400FFBDEF /* bellScheduleTests.xctest */,
				88BC43BA1D5FCF5400FFBDEF /* bellScheduleUITests.xctest */,
				881FF00D1D60F627003AC1AC /* BellScheduleDataKit.framework */,
				881FF0151D60F627003AC1AC /* BellScheduleDataKitTests.xctest */,
				883285641E2926EB00CA9839 /* BellScheduleWidget.appex */,
			);
			name = Products;
			sourceTree = "<group>";
		};
		88BC439D1D5FCF5400FFBDEF /* bellSchedule */ = {
			isa = PBXGroup;
			children = (
				88BC43D21D5FD1CF00FFBDEF /* Storyboard */,
				88BC43D11D5FD1CB00FFBDEF /* Code */,
				88BC43CE1D5FD0BA00FFBDEF /* Assets */,
			);
			path = bellSchedule;
			sourceTree = "<group>";
		};
		88BC43B21D5FCF5400FFBDEF /* bellScheduleTests */ = {
			isa = PBXGroup;
			children = (
				88BC43B31D5FCF5400FFBDEF /* bellScheduleTests.swift */,
				88BC43B51D5FCF5400FFBDEF /* Info.plist */,
			);
			path = bellScheduleTests;
			sourceTree = "<group>";
		};
		88BC43BD1D5FCF5400FFBDEF /* bellScheduleUITests */ = {
			isa = PBXGroup;
			children = (
				88BC43BE1D5FCF5400FFBDEF /* bellScheduleUITests.swift */,
				88BC43C01D5FCF5400FFBDEF /* Info.plist */,
			);
			path = bellScheduleUITests;
			sourceTree = "<group>";
		};
		88BC43CE1D5FD0BA00FFBDEF /* Assets */ = {
			isa = PBXGroup;
			children = (
				88BC439E1D5FCF5400FFBDEF /* AppDelegate.swift */,
				88BC43A51D5FCF5400FFBDEF /* Assets.xcassets */,
				88BC43A71D5FCF5400FFBDEF /* LaunchScreen.storyboard */,
				88BC43AA1D5FCF5400FFBDEF /* Info.plist */,
			);
			name = Assets;
			sourceTree = "<group>";
		};
		88BC43D11D5FD1CB00FFBDEF /* Code */ = {
			isa = PBXGroup;
			children = (
				88BC43D31D5FD1DB00FFBDEF /* UI */,
			);
			name = Code;
			sourceTree = "<group>";
		};
		88BC43D21D5FD1CF00FFBDEF /* Storyboard */ = {
			isa = PBXGroup;
			children = (
				88BC43A21D5FCF5400FFBDEF /* Main.storyboard */,
			);
			name = Storyboard;
			sourceTree = "<group>";
		};
		88BC43D31D5FD1DB00FFBDEF /* UI */ = {
			isa = PBXGroup;
			children = (
				88BC2A6D1D5FF3C6000AEE52 /* ScheduleTableViewController.swift */,
				88BC2A6F1D5FF42E000AEE52 /* MainScreenController.swift */,
				881FEFFE1D60D0F3003AC1AC /* StylisedNavigationController.swift */,
				881FF0001D60D6B3003AC1AC /* AllSchedulesTableTableViewController.swift */,
				883285461E29205300CA9839 /* SettingsTableViewController.swift */,
			);
			name = UI;
			sourceTree = "<group>";
		};
/* End PBXGroup section */

/* Begin PBXHeadersBuildPhase section */
		881FF00A1D60F627003AC1AC /* Headers */ = {
			isa = PBXHeadersBuildPhase;
			buildActionMask = 2147483647;
			files = (
				881FF01F1D60F627003AC1AC /* BellScheduleDataKit.h in Headers */,
			);
			runOnlyForDeploymentPostprocessing = 0;
		};
/* End PBXHeadersBuildPhase section */

/* Begin PBXNativeTarget section */
		881FF00C1D60F627003AC1AC /* BellScheduleDataKit */ = {
			isa = PBXNativeTarget;
			buildConfigurationList = 881FF0241D60F627003AC1AC /* Build configuration list for PBXNativeTarget "BellScheduleDataKit" */;
			buildPhases = (
				881FF0081D60F627003AC1AC /* Sources */,
				881FF0091D60F627003AC1AC /* Frameworks */,
				881FF00A1D60F627003AC1AC /* Headers */,
				881FF00B1D60F627003AC1AC /* Resources */,
			);
			buildRules = (
			);
			dependencies = (
			);
			name = BellScheduleDataKit;
			productName = BellScheduleDataKit;
			productReference = 881FF00D1D60F627003AC1AC /* BellScheduleDataKit.framework */;
			productType = "com.apple.product-type.framework";
		};
		881FF0141D60F627003AC1AC /* BellScheduleDataKitTests */ = {
			isa = PBXNativeTarget;
			buildConfigurationList = 881FF0281D60F627003AC1AC /* Build configuration list for PBXNativeTarget "BellScheduleDataKitTests" */;
			buildPhases = (
				881FF0111D60F627003AC1AC /* Sources */,
				881FF0121D60F627003AC1AC /* Frameworks */,
				881FF0131D60F627003AC1AC /* Resources */,
			);
			buildRules = (
			);
			dependencies = (
				881FF0181D60F627003AC1AC /* PBXTargetDependency */,
				881FF01A1D60F627003AC1AC /* PBXTargetDependency */,
			);
			name = BellScheduleDataKitTests;
			productName = BellScheduleDataKitTests;
			productReference = 881FF0151D60F627003AC1AC /* BellScheduleDataKitTests.xctest */;
			productType = "com.apple.product-type.bundle.unit-test";
		};
		883285631E2926EB00CA9839 /* BellScheduleWidget */ = {
			isa = PBXNativeTarget;
			buildConfigurationList = 883285701E2926EB00CA9839 /* Build configuration list for PBXNativeTarget "BellScheduleWidget" */;
			buildPhases = (
				883285601E2926EB00CA9839 /* Sources */,
				883285611E2926EB00CA9839 /* Frameworks */,
				883285621E2926EB00CA9839 /* Resources */,
			);
			buildRules = (
			);
			dependencies = (
			);
			name = BellScheduleWidget;
			productName = BellScheduleWidget;
			productReference = 883285641E2926EB00CA9839 /* BellScheduleWidget.appex */;
			productType = "com.apple.product-type.app-extension";
		};
		88BC439A1D5FCF5300FFBDEF /* bellSchedule */ = {
			isa = PBXNativeTarget;
			buildConfigurationList = 88BC43C31D5FCF5400FFBDEF /* Build configuration list for PBXNativeTarget "bellSchedule" */;
			buildPhases = (
				88BC43971D5FCF5300FFBDEF /* Sources */,
				88BC43981D5FCF5300FFBDEF /* Frameworks */,
				88BC43991D5FCF5300FFBDEF /* Resources */,
				881FF0271D60F627003AC1AC /* Embed Frameworks */,
				881FF0491D60F8EB003AC1AC /* Embed App Extensions */,
			);
			buildRules = (
			);
			dependencies = (
				881FF0211D60F627003AC1AC /* PBXTargetDependency */,
				8832856E1E2926EB00CA9839 /* PBXTargetDependency */,
			);
			name = bellSchedule;
			productName = bellSchedule;
			productReference = 88BC439B1D5FCF5400FFBDEF /* bellSchedule.app */;
			productType = "com.apple.product-type.application";
		};
		88BC43AE1D5FCF5400FFBDEF /* bellScheduleTests */ = {
			isa = PBXNativeTarget;
			buildConfigurationList = 88BC43C61D5FCF5400FFBDEF /* Build configuration list for PBXNativeTarget "bellScheduleTests" */;
			buildPhases = (
				88BC43AB1D5FCF5400FFBDEF /* Sources */,
				88BC43AC1D5FCF5400FFBDEF /* Frameworks */,
				88BC43AD1D5FCF5400FFBDEF /* Resources */,
			);
			buildRules = (
			);
			dependencies = (
				88BC43B11D5FCF5400FFBDEF /* PBXTargetDependency */,
			);
			name = bellScheduleTests;
			productName = bellScheduleTests;
			productReference = 88BC43AF1D5FCF5400FFBDEF /* bellScheduleTests.xctest */;
			productType = "com.apple.product-type.bundle.unit-test";
		};
		88BC43B91D5FCF5400FFBDEF /* bellScheduleUITests */ = {
			isa = PBXNativeTarget;
			buildConfigurationList = 88BC43C91D5FCF5400FFBDEF /* Build configuration list for PBXNativeTarget "bellScheduleUITests" */;
			buildPhases = (
				88BC43B61D5FCF5400FFBDEF /* Sources */,
				88BC43B71D5FCF5400FFBDEF /* Frameworks */,
				88BC43B81D5FCF5400FFBDEF /* Resources */,
			);
			buildRules = (
			);
			dependencies = (
				88BC43BC1D5FCF5400FFBDEF /* PBXTargetDependency */,
			);
			name = bellScheduleUITests;
			productName = bellScheduleUITests;
			productReference = 88BC43BA1D5FCF5400FFBDEF /* bellScheduleUITests.xctest */;
			productType = "com.apple.product-type.bundle.ui-testing";
		};
/* End PBXNativeTarget section */

/* Begin PBXProject section */
		88BC43931D5FCF5300FFBDEF /* Project object */ = {
			isa = PBXProject;
			attributes = {
				LastSwiftUpdateCheck = 0820;
				LastUpgradeCheck = 0810;
				ORGANIZATIONNAME = Stassinopoulos;
				TargetAttributes = {
					881FF00C1D60F627003AC1AC = {
						CreatedOnToolsVersion = 8.0;
						DevelopmentTeam = Z44L282QM9;
						DevelopmentTeamName = "Qsysmine S. (Personal Team)";
						ProvisioningStyle = Automatic;
					};
					881FF0141D60F627003AC1AC = {
						CreatedOnToolsVersion = 8.0;
						DevelopmentTeam = NUZ6NR455M;
						DevelopmentTeamName = "Qsysmine S. (Personal Team)";
						ProvisioningStyle = Automatic;
						TestTargetID = 88BC439A1D5FCF5300FFBDEF;
					};
					883285631E2926EB00CA9839 = {
						CreatedOnToolsVersion = 8.2.1;
						DevelopmentTeam = Z44L282QM9;
						ProvisioningStyle = Automatic;
					};
					88BC439A1D5FCF5300FFBDEF = {
						CreatedOnToolsVersion = 8.0;
						DevelopmentTeam = Z44L282QM9;
						DevelopmentTeamName = "Qsysmine S. (Personal Team)";
						ProvisioningStyle = Automatic;
					};
					88BC43AE1D5FCF5400FFBDEF = {
						CreatedOnToolsVersion = 8.0;
						DevelopmentTeam = NUZ6NR455M;
						DevelopmentTeamName = "Qsysmine S. (Personal Team)";
						ProvisioningStyle = Automatic;
						TestTargetID = 88BC439A1D5FCF5300FFBDEF;
					};
					88BC43B91D5FCF5400FFBDEF = {
						CreatedOnToolsVersion = 8.0;
						DevelopmentTeam = NUZ6NR455M;
						DevelopmentTeamName = "Qsysmine S. (Personal Team)";
						ProvisioningStyle = Automatic;
						TestTargetID = 88BC439A1D5FCF5300FFBDEF;
					};
				};
			};
			buildConfigurationList = 88BC43961D5FCF5300FFBDEF /* Build configuration list for PBXProject "bellSchedule" */;
			compatibilityVersion = "Xcode 3.2";
			developmentRegion = English;
			hasScannedForEncodings = 0;
			knownRegions = (
				en,
				Base,
			);
			mainGroup = 88BC43921D5FCF5300FFBDEF;
			productRefGroup = 88BC439C1D5FCF5400FFBDEF /* Products */;
			projectDirPath = "";
			projectRoot = "";
			targets = (
				88BC439A1D5FCF5300FFBDEF /* bellSchedule */,
				88BC43AE1D5FCF5400FFBDEF /* bellScheduleTests */,
				88BC43B91D5FCF5400FFBDEF /* bellScheduleUITests */,
				881FF00C1D60F627003AC1AC /* BellScheduleDataKit */,
				881FF0141D60F627003AC1AC /* BellScheduleDataKitTests */,
				883285631E2926EB00CA9839 /* BellScheduleWidget */,
			);
		};
/* End PBXProject section */

/* Begin PBXResourcesBuildPhase section */
		881FF00B1D60F627003AC1AC /* Resources */ = {
			isa = PBXResourcesBuildPhase;
			buildActionMask = 2147483647;
			files = (
			);
			runOnlyForDeploymentPostprocessing = 0;
		};
		881FF0131D60F627003AC1AC /* Resources */ = {
			isa = PBXResourcesBuildPhase;
			buildActionMask = 2147483647;
			files = (
			);
			runOnlyForDeploymentPostprocessing = 0;
		};
		883285621E2926EB00CA9839 /* Resources */ = {
			isa = PBXResourcesBuildPhase;
			buildActionMask = 2147483647;
			files = (
				8832856B1E2926EB00CA9839 /* MainInterface.storyboard in Resources */,
			);
			runOnlyForDeploymentPostprocessing = 0;
		};
		88BC43991D5FCF5300FFBDEF /* Resources */ = {
			isa = PBXResourcesBuildPhase;
			buildActionMask = 2147483647;
			files = (
				88BC43A91D5FCF5400FFBDEF /* LaunchScreen.storyboard in Resources */,
				88BC43A61D5FCF5400FFBDEF /* Assets.xcassets in Resources */,
				88BC43A41D5FCF5400FFBDEF /* Main.storyboard in Resources */,
			);
			runOnlyForDeploymentPostprocessing = 0;
		};
		88BC43AD1D5FCF5400FFBDEF /* Resources */ = {
			isa = PBXResourcesBuildPhase;
			buildActionMask = 2147483647;
			files = (
			);
			runOnlyForDeploymentPostprocessing = 0;
		};
		88BC43B81D5FCF5400FFBDEF /* Resources */ = {
			isa = PBXResourcesBuildPhase;
			buildActionMask = 2147483647;
			files = (
			);
			runOnlyForDeploymentPostprocessing = 0;
		};
/* End PBXResourcesBuildPhase section */

/* Begin PBXSourcesBuildPhase section */
		881FF0081D60F627003AC1AC /* Sources */ = {
			isa = PBXSourcesBuildPhase;
			buildActionMask = 2147483647;
			files = (
				888AD14F1E2A605100D28DFD /* DisplayTime.swift in Sources */,
				881FF0321D60F6A8003AC1AC /* DateExtension.swift in Sources */,
				881FF02E1D60F6A8003AC1AC /* Period.swift in Sources */,
				881FF02D1D60F6A8003AC1AC /* Timings.swift in Sources */,
				881FF0301D60F6A8003AC1AC /* Schedule.swift in Sources */,
				881FF0331D60F6A8003AC1AC /* CurrentTimings.swift in Sources */,
				88A9CC961E27C4810088AE2A /* Settings.swift in Sources */,
				888AD1511E2ABC9400D28DFD /* CurrentSchedule.swift in Sources */,
				881FF0311D60F6A8003AC1AC /* CurrentPeriod.swift in Sources */,
				881FF02F1D60F6A8003AC1AC /* Today.swift in Sources */,
			);
			runOnlyForDeploymentPostprocessing = 0;
		};
		881FF0111D60F627003AC1AC /* Sources */ = {
			isa = PBXSourcesBuildPhase;
			buildActionMask = 2147483647;
			files = (
				881FF01D1D60F627003AC1AC /* BellScheduleDataKitTests.swift in Sources */,
			);
			runOnlyForDeploymentPostprocessing = 0;
		};
		883285601E2926EB00CA9839 /* Sources */ = {
			isa = PBXSourcesBuildPhase;
			buildActionMask = 2147483647;
			files = (
				883285681E2926EB00CA9839 /* TodayViewController.swift in Sources */,
			);
			runOnlyForDeploymentPostprocessing = 0;
		};
		88BC43971D5FCF5300FFBDEF /* Sources */ = {
			isa = PBXSourcesBuildPhase;
			buildActionMask = 2147483647;
			files = (
				88BC2A6E1D5FF3C6000AEE52 /* ScheduleTableViewController.swift in Sources */,
				881FF0011D60D6B3003AC1AC /* AllSchedulesTableTableViewController.swift in Sources */,
				88BC2A701D5FF42E000AEE52 /* MainScreenController.swift in Sources */,
				881FEFFF1D60D0F3003AC1AC /* StylisedNavigationController.swift in Sources */,
				88BC439F1D5FCF5400FFBDEF /* AppDelegate.swift in Sources */,
				883285471E29205300CA9839 /* SettingsTableViewController.swift in Sources */,
			);
			runOnlyForDeploymentPostprocessing = 0;
		};
		88BC43AB1D5FCF5400FFBDEF /* Sources */ = {
			isa = PBXSourcesBuildPhase;
			buildActionMask = 2147483647;
			files = (
				88BC43B41D5FCF5400FFBDEF /* bellScheduleTests.swift in Sources */,
			);
			runOnlyForDeploymentPostprocessing = 0;
		};
		88BC43B61D5FCF5400FFBDEF /* Sources */ = {
			isa = PBXSourcesBuildPhase;
			buildActionMask = 2147483647;
			files = (
				88BC43BF1D5FCF5400FFBDEF /* bellScheduleUITests.swift in Sources */,
			);
			runOnlyForDeploymentPostprocessing = 0;
		};
/* End PBXSourcesBuildPhase section */

/* Begin PBXTargetDependency section */
		881FF0181D60F627003AC1AC /* PBXTargetDependency */ = {
			isa = PBXTargetDependency;
			target = 881FF00C1D60F627003AC1AC /* BellScheduleDataKit */;
			targetProxy = 881FF0171D60F627003AC1AC /* PBXContainerItemProxy */;
		};
		881FF01A1D60F627003AC1AC /* PBXTargetDependency */ = {
			isa = PBXTargetDependency;
			target = 88BC439A1D5FCF5300FFBDEF /* bellSchedule */;
			targetProxy = 881FF0191D60F627003AC1AC /* PBXContainerItemProxy */;
		};
		881FF0211D60F627003AC1AC /* PBXTargetDependency */ = {
			isa = PBXTargetDependency;
			target = 881FF00C1D60F627003AC1AC /* BellScheduleDataKit */;
			targetProxy = 881FF0201D60F627003AC1AC /* PBXContainerItemProxy */;
		};
		8832856E1E2926EB00CA9839 /* PBXTargetDependency */ = {
			isa = PBXTargetDependency;
			target = 883285631E2926EB00CA9839 /* BellScheduleWidget */;
			targetProxy = 8832856D1E2926EB00CA9839 /* PBXContainerItemProxy */;
		};
		88BC43B11D5FCF5400FFBDEF /* PBXTargetDependency */ = {
			isa = PBXTargetDependency;
			target = 88BC439A1D5FCF5300FFBDEF /* bellSchedule */;
			targetProxy = 88BC43B01D5FCF5400FFBDEF /* PBXContainerItemProxy */;
		};
		88BC43BC1D5FCF5400FFBDEF /* PBXTargetDependency */ = {
			isa = PBXTargetDependency;
			target = 88BC439A1D5FCF5300FFBDEF /* bellSchedule */;
			targetProxy = 88BC43BB1D5FCF5400FFBDEF /* PBXContainerItemProxy */;
		};
/* End PBXTargetDependency section */

/* Begin PBXVariantGroup section */
		883285691E2926EB00CA9839 /* MainInterface.storyboard */ = {
			isa = PBXVariantGroup;
			children = (
				8832856A1E2926EB00CA9839 /* Base */,
			);
			name = MainInterface.storyboard;
			sourceTree = "<group>";
		};
		88BC43A21D5FCF5400FFBDEF /* Main.storyboard */ = {
			isa = PBXVariantGroup;
			children = (
				88BC43A31D5FCF5400FFBDEF /* Base */,
			);
			name = Main.storyboard;
			sourceTree = "<group>";
		};
		88BC43A71D5FCF5400FFBDEF /* LaunchScreen.storyboard */ = {
			isa = PBXVariantGroup;
			children = (
				88BC43A81D5FCF5400FFBDEF /* Base */,
			);
			name = LaunchScreen.storyboard;
			sourceTree = "<group>";
		};
/* End PBXVariantGroup section */

/* Begin XCBuildConfiguration section */
		881FF0251D60F627003AC1AC /* Debug */ = {
			isa = XCBuildConfiguration;
			buildSettings = {
				APPLICATION_EXTENSION_API_ONLY = YES;
				CODE_SIGN_IDENTITY = "";
				CURRENT_PROJECT_VERSION = 1;
				DEFINES_MODULE = YES;
				DEVELOPMENT_TEAM = Z44L282QM9;
				DYLIB_COMPATIBILITY_VERSION = 1;
				DYLIB_CURRENT_VERSION = 1;
				DYLIB_INSTALL_NAME_BASE = "@rpath";
				INFOPLIST_FILE = BellScheduleDataKit/Info.plist;
				INSTALL_PATH = "$(LOCAL_LIBRARY_DIR)/Frameworks";
				LD_RUNPATH_SEARCH_PATHS = "$(inherited) @executable_path/Frameworks @loader_path/Frameworks";
				PRODUCT_BUNDLE_IDENTIFIER = com.Stassinopoulos.Ari.BellScheduleDataKit;
				PRODUCT_NAME = "$(TARGET_NAME)";
				SKIP_INSTALL = YES;
				SWIFT_VERSION = 3.0;
				TARGETED_DEVICE_FAMILY = "1,2";
				VERSIONING_SYSTEM = "apple-generic";
				VERSION_INFO_PREFIX = "";
			};
			name = Debug;
		};
		881FF0261D60F627003AC1AC /* Release */ = {
			isa = XCBuildConfiguration;
			buildSettings = {
				APPLICATION_EXTENSION_API_ONLY = YES;
				CODE_SIGN_IDENTITY = "";
				CURRENT_PROJECT_VERSION = 1;
				DEFINES_MODULE = YES;
				DEVELOPMENT_TEAM = Z44L282QM9;
				DYLIB_COMPATIBILITY_VERSION = 1;
				DYLIB_CURRENT_VERSION = 1;
				DYLIB_INSTALL_NAME_BASE = "@rpath";
				INFOPLIST_FILE = BellScheduleDataKit/Info.plist;
				INSTALL_PATH = "$(LOCAL_LIBRARY_DIR)/Frameworks";
				LD_RUNPATH_SEARCH_PATHS = "$(inherited) @executable_path/Frameworks @loader_path/Frameworks";
				PRODUCT_BUNDLE_IDENTIFIER = com.Stassinopoulos.Ari.BellScheduleDataKit;
				PRODUCT_NAME = "$(TARGET_NAME)";
				SKIP_INSTALL = YES;
				SWIFT_VERSION = 3.0;
				TARGETED_DEVICE_FAMILY = "1,2";
				VERSIONING_SYSTEM = "apple-generic";
				VERSION_INFO_PREFIX = "";
			};
			name = Release;
		};
		881FF0291D60F627003AC1AC /* Debug */ = {
			isa = XCBuildConfiguration;
			buildSettings = {
				INFOPLIST_FILE = BellScheduleDataKitTests/Info.plist;
				LD_RUNPATH_SEARCH_PATHS = "$(inherited) @executable_path/Frameworks @loader_path/Frameworks";
				PRODUCT_BUNDLE_IDENTIFIER = com.Stassinopoulos.BellScheduleDataKitTests;
				PRODUCT_NAME = "$(TARGET_NAME)";
				SWIFT_VERSION = 3.0;
				TEST_HOST = "$(BUILT_PRODUCTS_DIR)/bellSchedule.app/bellSchedule";
			};
			name = Debug;
		};
		881FF02A1D60F627003AC1AC /* Release */ = {
			isa = XCBuildConfiguration;
			buildSettings = {
				INFOPLIST_FILE = BellScheduleDataKitTests/Info.plist;
				LD_RUNPATH_SEARCH_PATHS = "$(inherited) @executable_path/Frameworks @loader_path/Frameworks";
				PRODUCT_BUNDLE_IDENTIFIER = com.Stassinopoulos.BellScheduleDataKitTests;
				PRODUCT_NAME = "$(TARGET_NAME)";
				SWIFT_VERSION = 3.0;
				TEST_HOST = "$(BUILT_PRODUCTS_DIR)/bellSchedule.app/bellSchedule";
			};
			name = Release;
		};
		883285711E2926EB00CA9839 /* Debug */ = {
			isa = XCBuildConfiguration;
			buildSettings = {
				DEVELOPMENT_TEAM = Z44L282QM9;
				INFOPLIST_FILE = BellScheduleWidget/Info.plist;
				IPHONEOS_DEPLOYMENT_TARGET = 10.2;
				LD_RUNPATH_SEARCH_PATHS = "$(inherited) @executable_path/Frameworks @executable_path/../../Frameworks";
				PRODUCT_BUNDLE_IDENTIFIER = com.Stassinopoulos.Ari.bellSchedule.BellScheduleWidget;
				PRODUCT_NAME = "$(TARGET_NAME)";
				SKIP_INSTALL = YES;
				SWIFT_VERSION = 3.0;
			};
			name = Debug;
		};
		883285721E2926EB00CA9839 /* Release */ = {
			isa = XCBuildConfiguration;
			buildSettings = {
				DEVELOPMENT_TEAM = Z44L282QM9;
				INFOPLIST_FILE = BellScheduleWidget/Info.plist;
				IPHONEOS_DEPLOYMENT_TARGET = 10.2;
				LD_RUNPATH_SEARCH_PATHS = "$(inherited) @executable_path/Frameworks @executable_path/../../Frameworks";
				PRODUCT_BUNDLE_IDENTIFIER = com.Stassinopoulos.Ari.bellSchedule.BellScheduleWidget;
				PRODUCT_NAME = "$(TARGET_NAME)";
				SKIP_INSTALL = YES;
				SWIFT_VERSION = 3.0;
			};
			name = Release;
		};
		88BC43C11D5FCF5400FFBDEF /* Debug */ = {
			isa = XCBuildConfiguration;
			buildSettings = {
				ALWAYS_SEARCH_USER_PATHS = NO;
				CLANG_ANALYZER_NONNULL = YES;
				CLANG_CXX_LANGUAGE_STANDARD = "gnu++0x";
				CLANG_CXX_LIBRARY = "libc++";
				CLANG_ENABLE_MODULES = YES;
				CLANG_ENABLE_OBJC_ARC = YES;
				CLANG_WARN_BOOL_CONVERSION = YES;
				CLANG_WARN_CONSTANT_CONVERSION = YES;
				CLANG_WARN_DIRECT_OBJC_ISA_USAGE = YES_ERROR;
				CLANG_WARN_DOCUMENTATION_COMMENTS = YES;
				CLANG_WARN_EMPTY_BODY = YES;
				CLANG_WARN_ENUM_CONVERSION = YES;
				CLANG_WARN_INFINITE_RECURSION = YES;
				CLANG_WARN_INT_CONVERSION = YES;
				CLANG_WARN_OBJC_ROOT_CLASS = YES_ERROR;
				CLANG_WARN_SUSPICIOUS_MOVE = YES;
				CLANG_WARN_UNREACHABLE_CODE = YES;
				CLANG_WARN__DUPLICATE_METHOD_MATCH = YES;
				"CODE_SIGN_IDENTITY[sdk=iphoneos*]" = "iPhone Developer";
				COPY_PHASE_STRIP = NO;
				DEBUG_INFORMATION_FORMAT = dwarf;
				ENABLE_STRICT_OBJC_MSGSEND = YES;
				ENABLE_TESTABILITY = YES;
				GCC_C_LANGUAGE_STANDARD = gnu99;
				GCC_DYNAMIC_NO_PIC = NO;
				GCC_NO_COMMON_BLOCKS = YES;
				GCC_OPTIMIZATION_LEVEL = 0;
				GCC_PREPROCESSOR_DEFINITIONS = (
					"DEBUG=1",
					"$(inherited)",
				);
				GCC_WARN_64_TO_32_BIT_CONVERSION = YES;
				GCC_WARN_ABOUT_RETURN_TYPE = YES_ERROR;
				GCC_WARN_UNDECLARED_SELECTOR = YES;
				GCC_WARN_UNINITIALIZED_AUTOS = YES_AGGRESSIVE;
				GCC_WARN_UNUSED_FUNCTION = YES;
				GCC_WARN_UNUSED_VARIABLE = YES;
				IPHONEOS_DEPLOYMENT_TARGET = 10.1;
				MTL_ENABLE_DEBUG_INFO = YES;
				ONLY_ACTIVE_ARCH = YES;
				SDKROOT = iphoneos;
				SWIFT_ACTIVE_COMPILATION_CONDITIONS = DEBUG;
				SWIFT_OPTIMIZATION_LEVEL = "-Onone";
			};
			name = Debug;
		};
		88BC43C21D5FCF5400FFBDEF /* Release */ = {
			isa = XCBuildConfiguration;
			buildSettings = {
				ALWAYS_SEARCH_USER_PATHS = NO;
				CLANG_ANALYZER_NONNULL = YES;
				CLANG_CXX_LANGUAGE_STANDARD = "gnu++0x";
				CLANG_CXX_LIBRARY = "libc++";
				CLANG_ENABLE_MODULES = YES;
				CLANG_ENABLE_OBJC_ARC = YES;
				CLANG_WARN_BOOL_CONVERSION = YES;
				CLANG_WARN_CONSTANT_CONVERSION = YES;
				CLANG_WARN_DIRECT_OBJC_ISA_USAGE = YES_ERROR;
				CLANG_WARN_DOCUMENTATION_COMMENTS = YES;
				CLANG_WARN_EMPTY_BODY = YES;
				CLANG_WARN_ENUM_CONVERSION = YES;
				CLANG_WARN_INFINITE_RECURSION = YES;
				CLANG_WARN_INT_CONVERSION = YES;
				CLANG_WARN_OBJC_ROOT_CLASS = YES_ERROR;
				CLANG_WARN_SUSPICIOUS_MOVE = YES;
				CLANG_WARN_UNREACHABLE_CODE = YES;
				CLANG_WARN__DUPLICATE_METHOD_MATCH = YES;
				"CODE_SIGN_IDENTITY[sdk=iphoneos*]" = "iPhone Developer";
				COPY_PHASE_STRIP = NO;
				DEBUG_INFORMATION_FORMAT = "dwarf-with-dsym";
				ENABLE_NS_ASSERTIONS = NO;
				ENABLE_STRICT_OBJC_MSGSEND = YES;
				GCC_C_LANGUAGE_STANDARD = gnu99;
				GCC_NO_COMMON_BLOCKS = YES;
				GCC_WARN_64_TO_32_BIT_CONVERSION = YES;
				GCC_WARN_ABOUT_RETURN_TYPE = YES_ERROR;
				GCC_WARN_UNDECLARED_SELECTOR = YES;
				GCC_WARN_UNINITIALIZED_AUTOS = YES_AGGRESSIVE;
				GCC_WARN_UNUSED_FUNCTION = YES;
				GCC_WARN_UNUSED_VARIABLE = YES;
				IPHONEOS_DEPLOYMENT_TARGET = 10.1;
				MTL_ENABLE_DEBUG_INFO = NO;
				SDKROOT = iphoneos;
				SWIFT_OPTIMIZATION_LEVEL = "-Owholemodule";
				VALIDATE_PRODUCT = YES;
			};
			name = Release;
		};
		88BC43C41D5FCF5400FFBDEF /* Debug */ = {
			isa = XCBuildConfiguration;
			buildSettings = {
				ALWAYS_EMBED_SWIFT_STANDARD_LIBRARIES = YES;
				ASSETCATALOG_COMPILER_APPICON_NAME = AppIcon;
				DEVELOPMENT_TEAM = Z44L282QM9;
				INFOPLIST_FILE = bellSchedule/Info.plist;
				LD_RUNPATH_SEARCH_PATHS = "$(inherited) @executable_path/Frameworks";
				PRODUCT_BUNDLE_IDENTIFIER = com.Stassinopoulos.Ari.bellSchedule;
				PRODUCT_NAME = "$(TARGET_NAME)";
				SWIFT_VERSION = 3.0;
				TARGETED_DEVICE_FAMILY = 1;
			};
			name = Debug;
		};
		88BC43C51D5FCF5400FFBDEF /* Release */ = {
			isa = XCBuildConfiguration;
			buildSettings = {
				ALWAYS_EMBED_SWIFT_STANDARD_LIBRARIES = YES;
				ASSETCATALOG_COMPILER_APPICON_NAME = AppIcon;
				DEVELOPMENT_TEAM = Z44L282QM9;
				INFOPLIST_FILE = bellSchedule/Info.plist;
				LD_RUNPATH_SEARCH_PATHS = "$(inherited) @executable_path/Frameworks";
				PRODUCT_BUNDLE_IDENTIFIER = com.Stassinopoulos.Ari.bellSchedule;
				PRODUCT_NAME = "$(TARGET_NAME)";
				SWIFT_VERSION = 3.0;
				TARGETED_DEVICE_FAMILY = 1;
			};
			name = Release;
		};
		88BC43C71D5FCF5400FFBDEF /* Debug */ = {
			isa = XCBuildConfiguration;
			buildSettings = {
				BUNDLE_LOADER = "$(TEST_HOST)";
				INFOPLIST_FILE = bellScheduleTests/Info.plist;
				LD_RUNPATH_SEARCH_PATHS = "$(inherited) @executable_path/Frameworks @loader_path/Frameworks";
				PRODUCT_BUNDLE_IDENTIFIER = com.Stassinopoulos.bellScheduleTests;
				PRODUCT_NAME = "$(TARGET_NAME)";
				SWIFT_VERSION = 3.0;
				TEST_HOST = "$(BUILT_PRODUCTS_DIR)/bellSchedule.app/bellSchedule";
			};
			name = Debug;
		};
		88BC43C81D5FCF5400FFBDEF /* Release */ = {
			isa = XCBuildConfiguration;
			buildSettings = {
				BUNDLE_LOADER = "$(TEST_HOST)";
				INFOPLIST_FILE = bellScheduleTests/Info.plist;
				LD_RUNPATH_SEARCH_PATHS = "$(inherited) @executable_path/Frameworks @loader_path/Frameworks";
				PRODUCT_BUNDLE_IDENTIFIER = com.Stassinopoulos.bellScheduleTests;
				PRODUCT_NAME = "$(TARGET_NAME)";
				SWIFT_VERSION = 3.0;
				TEST_HOST = "$(BUILT_PRODUCTS_DIR)/bellSchedule.app/bellSchedule";
			};
			name = Release;
		};
		88BC43CA1D5FCF5400FFBDEF /* Debug */ = {
			isa = XCBuildConfiguration;
			buildSettings = {
				INFOPLIST_FILE = bellScheduleUITests/Info.plist;
				LD_RUNPATH_SEARCH_PATHS = "$(inherited) @executable_path/Frameworks @loader_path/Frameworks";
				PRODUCT_BUNDLE_IDENTIFIER = com.Stassinopoulos.bellScheduleUITests;
				PRODUCT_NAME = "$(TARGET_NAME)";
				SWIFT_VERSION = 3.0;
				TEST_TARGET_NAME = bellSchedule;
			};
			name = Debug;
		};
		88BC43CB1D5FCF5400FFBDEF /* Release */ = {
			isa = XCBuildConfiguration;
			buildSettings = {
				INFOPLIST_FILE = bellScheduleUITests/Info.plist;
				LD_RUNPATH_SEARCH_PATHS = "$(inherited) @executable_path/Frameworks @loader_path/Frameworks";
				PRODUCT_BUNDLE_IDENTIFIER = com.Stassinopoulos.bellScheduleUITests;
				PRODUCT_NAME = "$(TARGET_NAME)";
				SWIFT_VERSION = 3.0;
				TEST_TARGET_NAME = bellSchedule;
			};
			name = Release;
		};
/* End XCBuildConfiguration section */

/* Begin XCConfigurationList section */
		881FF0241D60F627003AC1AC /* Build configuration list for PBXNativeTarget "BellScheduleDataKit" */ = {
			isa = XCConfigurationList;
			buildConfigurations = (
				881FF0251D60F627003AC1AC /* Debug */,
				881FF0261D60F627003AC1AC /* Release */,
			);
			defaultConfigurationIsVisible = 0;
			defaultConfigurationName = Release;
		};
		881FF0281D60F627003AC1AC /* Build configuration list for PBXNativeTarget "BellScheduleDataKitTests" */ = {
			isa = XCConfigurationList;
			buildConfigurations = (
				881FF0291D60F627003AC1AC /* Debug */,
				881FF02A1D60F627003AC1AC /* Release */,
			);
			defaultConfigurationIsVisible = 0;
			defaultConfigurationName = Release;
		};
		883285701E2926EB00CA9839 /* Build configuration list for PBXNativeTarget "BellScheduleWidget" */ = {
			isa = XCConfigurationList;
			buildConfigurations = (
				883285711E2926EB00CA9839 /* Debug */,
				883285721E2926EB00CA9839 /* Release */,
			);
			defaultConfigurationIsVisible = 0;
			defaultConfigurationName = Release;
		};
		88BC43961D5FCF5300FFBDEF /* Build configuration list for PBXProject "bellSchedule" */ = {
			isa = XCConfigurationList;
			buildConfigurations = (
				88BC43C11D5FCF5400FFBDEF /* Debug */,
				88BC43C21D5FCF5400FFBDEF /* Release */,
			);
			defaultConfigurationIsVisible = 0;
			defaultConfigurationName = Release;
		};
		88BC43C31D5FCF5400FFBDEF /* Build configuration list for PBXNativeTarget "bellSchedule" */ = {
			isa = XCConfigurationList;
			buildConfigurations = (
				88BC43C41D5FCF5400FFBDEF /* Debug */,
				88BC43C51D5FCF5400FFBDEF /* Release */,
			);
			defaultConfigurationIsVisible = 0;
			defaultConfigurationName = Release;
		};
		88BC43C61D5FCF5400FFBDEF /* Build configuration list for PBXNativeTarget "bellScheduleTests" */ = {
			isa = XCConfigurationList;
			buildConfigurations = (
				88BC43C71D5FCF5400FFBDEF /* Debug */,
				88BC43C81D5FCF5400FFBDEF /* Release */,
			);
			defaultConfigurationIsVisible = 0;
			defaultConfigurationName = Release;
		};
		88BC43C91D5FCF5400FFBDEF /* Build configuration list for PBXNativeTarget "bellScheduleUITests" */ = {
			isa = XCConfigurationList;
			buildConfigurations = (
				88BC43CA1D5FCF5400FFBDEF /* Debug */,
				88BC43CB1D5FCF5400FFBDEF /* Release */,
			);
			defaultConfigurationIsVisible = 0;
			defaultConfigurationName = Release;
		};
/* End XCConfigurationList section */
	};
	rootObject = 88BC43931D5FCF5300FFBDEF /* Project object */;
}
